
Microsoft Visual Studio Solution File, Format Version 12.00
# Visual Studio Version 16
VisualStudioVersion = 16.0.33214.272
MinimumVisualStudioVersion = 10.0.40219.1
Project("{8BC9CEB8-8B4A-11D0-8D11-00A0C91BC942}") = "Classes_structs", "Classes_structs\Classes_structs.vcxproj", "{9CDF966B-1DEC-437D-999D-B397F94C09ED}"
EndProject
Project("{8BC9CEB8-8B4A-11D0-8D11-00A0C91BC942}") = "Classes_class", "Classes_class\Classes_class.vcxproj", "{F5FD19EE-F6BB-47BA-B826-B202EDD339F1}"
EndProject
Project("{8BC9CEB8-8B4A-11D0-8D11-00A0C91BC942}") = "Class_classes_and_objects", "Class_classes_and_objects\Class_classes_and_objects.vcxproj", "{D3D722AF-88C0-4CFE-B5C5-63DBA4572468}"
EndProject
Project("{8BC9CEB8-8B4A-11D0-8D11-00A0C91BC942}") = "Class_box_it", "Class_box_it\Class_box_it.vcxproj", "{9CCA7DD7-7E58-4585-990E-9C2B8D480B80}"
EndProject
Project("{8BC9CEB8-8B4A-11D0-8D11-00A0C91BC942}") = "Class_inherited_code", "Class_inherited_code\Class_inherited_code.vcxproj", "{6D888516-B2D3-4694-B9E0-02091C425454}"
EndProject
Project("{8BC9CEB8-8B4A-11D0-8D11-00A0C91BC942}") = "Class_virtual_functions", "Class_virtual_functions\Class_virtual_functions.vcxproj", "{9C8D5D87-660B-48D6-AC98-4E46728CF047}"
EndProject
Project("{8BC9CEB8-8B4A-11D0-8D11-00A0C91BC942}") = "Inheritance_inheritance_introduction", "Inheritance_inheritance_introduction\Inheritance_inheritance_introduction.vcxproj", "{10EE3BD6-449D-46BF-B6DD-DD87D38E875A}"
EndProject
Project("{8BC9CEB8-8B4A-11D0-8D11-00A0C91BC942}") = "Inheritance_multi_level_inheritance", "Inheritance_multi_level_inheritance\Inheritance_multi_level_inheritance.vcxproj", "{FB6732E2-9FB9-4953-B18C-98DD78BB499C}"
EndProject
Project("{8BC9CEB8-8B4A-11D0-8D11-00A0C91BC942}") = "Inheritance_acessing_inherited_functions", "Inheritance_acessing_inherited_functions\Inheritance_acessing_inherited_functions.vcxproj", "{9AE4211B-B53E-42F9-B48B-23E0AC1DB106}"
EndProject
Global
	GlobalSection(SolutionConfigurationPlatforms) = preSolution
		Debug|x64 = Debug|x64
		Debug|x86 = Debug|x86
		Release|x64 = Release|x64
		Release|x86 = Release|x86
	EndGlobalSection
	GlobalSection(ProjectConfigurationPlatforms) = postSolution
		{9CDF966B-1DEC-437D-999D-B397F94C09ED}.Debug|x64.ActiveCfg = Debug|x64
		{9CDF966B-1DEC-437D-999D-B397F94C09ED}.Debug|x64.Build.0 = Debug|x64
		{9CDF966B-1DEC-437D-999D-B397F94C09ED}.Debug|x86.ActiveCfg = Debug|Win32
		{9CDF966B-1DEC-437D-999D-B397F94C09ED}.Debug|x86.Build.0 = Debug|Win32
		{9CDF966B-1DEC-437D-999D-B397F94C09ED}.Release|x64.ActiveCfg = Release|x64
		{9CDF966B-1DEC-437D-999D-B397F94C09ED}.Release|x64.Build.0 = Release|x64
		{9CDF966B-1DEC-437D-999D-B397F94C09ED}.Release|x86.ActiveCfg = Release|Win32
		{9CDF966B-1DEC-437D-999D-B397F94C09ED}.Release|x86.Build.0 = Release|Win32
		{F5FD19EE-F6BB-47BA-B826-B202EDD339F1}.Debug|x64.ActiveCfg = Debug|x64
		{F5FD19EE-F6BB-47BA-B826-B202EDD339F1}.Debug|x64.Build.0 = Debug|x64
		{F5FD19EE-F6BB-47BA-B826-B202EDD339F1}.Debug|x86.ActiveCfg = Debug|Win32
		{F5FD19EE-F6BB-47BA-B826-B202EDD339F1}.Debug|x86.Build.0 = Debug|Win32
		{F5FD19EE-F6BB-47BA-B826-B202EDD339F1}.Release|x64.ActiveCfg = Release|x64
		{F5FD19EE-F6BB-47BA-B826-B202EDD339F1}.Release|x64.Build.0 = Release|x64
		{F5FD19EE-F6BB-47BA-B826-B202EDD339F1}.Release|x86.ActiveCfg = Release|Win32
		{F5FD19EE-F6BB-47BA-B826-B202EDD339F1}.Release|x86.Build.0 = Release|Win32
		{D3D722AF-88C0-4CFE-B5C5-63DBA4572468}.Debug|x64.ActiveCfg = Debug|x64
		{D3D722AF-88C0-4CFE-B5C5-63DBA4572468}.Debug|x64.Build.0 = Debug|x64
		{D3D722AF-88C0-4CFE-B5C5-63DBA4572468}.Debug|x86.ActiveCfg = Debug|Win32
		{D3D722AF-88C0-4CFE-B5C5-63DBA4572468}.Debug|x86.Build.0 = Debug|Win32
		{D3D722AF-88C0-4CFE-B5C5-63DBA4572468}.Release|x64.ActiveCfg = Release|x64
		{D3D722AF-88C0-4CFE-B5C5-63DBA4572468}.Release|x64.Build.0 = Release|x64
		{D3D722AF-88C0-4CFE-B5C5-63DBA4572468}.Release|x86.ActiveCfg = Release|Win32
		{D3D722AF-88C0-4CFE-B5C5-63DBA4572468}.Release|x86.Build.0 = Release|Win32
		{9CCA7DD7-7E58-4585-990E-9C2B8D480B80}.Debug|x64.ActiveCfg = Debug|x64
		{9CCA7DD7-7E58-4585-990E-9C2B8D480B80}.Debug|x64.Build.0 = Debug|x64
		{9CCA7DD7-7E58-4585-990E-9C2B8D480B80}.Debug|x86.ActiveCfg = Debug|Win32
		{9CCA7DD7-7E58-4585-990E-9C2B8D480B80}.Debug|x86.Build.0 = Debug|Win32
		{9CCA7DD7-7E58-4585-990E-9C2B8D480B80}.Release|x64.ActiveCfg = Release|x64
		{9CCA7DD7-7E58-4585-990E-9C2B8D480B80}.Release|x64.Build.0 = Release|x64
		{9CCA7DD7-7E58-4585-990E-9C2B8D480B80}.Release|x86.ActiveCfg = Release|Win32
		{9CCA7DD7-7E58-4585-990E-9C2B8D480B80}.Release|x86.Build.0 = Release|Win32
		{6D888516-B2D3-4694-B9E0-02091C425454}.Debug|x64.ActiveCfg = Debug|x64
		{6D888516-B2D3-4694-B9E0-02091C425454}.Debug|x64.Build.0 = Debug|x64
		{6D888516-B2D3-4694-B9E0-02091C425454}.Debug|x86.ActiveCfg = Debug|Win32
		{6D888516-B2D3-4694-B9E0-02091C425454}.Debug|x86.Build.0 = Debug|Win32
		{6D888516-B2D3-4694-B9E0-02091C425454}.Release|x64.ActiveCfg = Release|x64
		{6D888516-B2D3-4694-B9E0-02091C425454}.Release|x64.Build.0 = Release|x64
		{6D888516-B2D3-4694-B9E0-02091C425454}.Release|x86.ActiveCfg = Release|Win32
		{6D888516-B2D3-4694-B9E0-02091C425454}.Release|x86.Build.0 = Release|Win32
		{9C8D5D87-660B-48D6-AC98-4E46728CF047}.Debug|x64.ActiveCfg = Debug|x64
		{9C8D5D87-660B-48D6-AC98-4E46728CF047}.Debug|x64.Build.0 = Debug|x64
		{9C8D5D87-660B-48D6-AC98-4E46728CF047}.Debug|x86.ActiveCfg = Debug|Win32
		{9C8D5D87-660B-48D6-AC98-4E46728CF047}.Debug|x86.Build.0 = Debug|Win32
		{9C8D5D87-660B-48D6-AC98-4E46728CF047}.Release|x64.ActiveCfg = Release|x64
		{9C8D5D87-660B-48D6-AC98-4E46728CF047}.Release|x64.Build.0 = Release|x64
		{9C8D5D87-660B-48D6-AC98-4E46728CF047}.Release|x86.ActiveCfg = Release|Win32
		{9C8D5D87-660B-48D6-AC98-4E46728CF047}.Release|x86.Build.0 = Release|Win32
		{10EE3BD6-449D-46BF-B6DD-DD87D38E875A}.Debug|x64.ActiveCfg = Debug|x64
		{10EE3BD6-449D-46BF-B6DD-DD87D38E875A}.Debug|x64.Build.0 = Debug|x64
		{10EE3BD6-449D-46BF-B6DD-DD87D38E875A}.Debug|x86.ActiveCfg = Debug|Win32
		{10EE3BD6-449D-46BF-B6DD-DD87D38E875A}.Debug|x86.Build.0 = Debug|Win32
		{10EE3BD6-449D-46BF-B6DD-DD87D38E875A}.Release|x64.ActiveCfg = Release|x64
		{10EE3BD6-449D-46BF-B6DD-DD87D38E875A}.Release|x64.Build.0 = Release|x64
		{10EE3BD6-449D-46BF-B6DD-DD87D38E875A}.Release|x86.ActiveCfg = Release|Win32
		{10EE3BD6-449D-46BF-B6DD-DD87D38E875A}.Release|x86.Build.0 = Release|Win32
		{FB6732E2-9FB9-4953-B18C-98DD78BB499C}.Debug|x64.ActiveCfg = Debug|x64
		{FB6732E2-9FB9-4953-B18C-98DD78BB499C}.Debug|x64.Build.0 = Debug|x64
		{FB6732E2-9FB9-4953-B18C-98DD78BB499C}.Debug|x86.ActiveCfg = Debug|Win32
		{FB6732E2-9FB9-4953-B18C-98DD78BB499C}.Debug|x86.Build.0 = Debug|Win32
		{FB6732E2-9FB9-4953-B18C-98DD78BB499C}.Release|x64.ActiveCfg = Release|x64
		{FB6732E2-9FB9-4953-B18C-98DD78BB499C}.Release|x64.Build.0 = Release|x64
		{FB6732E2-9FB9-4953-B18C-98DD78BB499C}.Release|x86.ActiveCfg = Release|Win32
		{FB6732E2-9FB9-4953-B18C-98DD78BB499C}.Release|x86.Build.0 = Release|Win32
		{9AE4211B-B53E-42F9-B48B-23E0AC1DB106}.Debug|x64.ActiveCfg = Debug|x64
		{9AE4211B-B53E-42F9-B48B-23E0AC1DB106}.Debug|x64.Build.0 = Debug|x64
		{9AE4211B-B53E-42F9-B48B-23E0AC1DB106}.Debug|x86.ActiveCfg = Debug|Win32
		{9AE4211B-B53E-42F9-B48B-23E0AC1DB106}.Debug|x86.Build.0 = Debug|Win32
		{9AE4211B-B53E-42F9-B48B-23E0AC1DB106}.Release|x64.ActiveCfg = Release|x64
		{9AE4211B-B53E-42F9-B48B-23E0AC1DB106}.Release|x64.Build.0 = Release|x64
		{9AE4211B-B53E-42F9-B48B-23E0AC1DB106}.Release|x86.ActiveCfg = Release|Win32
		{9AE4211B-B53E-42F9-B48B-23E0AC1DB106}.Release|x86.Build.0 = Release|Win32
	EndGlobalSection
	GlobalSection(SolutionProperties) = preSolution
		HideSolutionNode = FALSE
	EndGlobalSection
	GlobalSection(ExtensibilityGlobals) = postSolution
		SolutionGuid = {9850F735-689E-4B8C-9BE2-17974C5BB5DC}
	EndGlobalSection
EndGlobal
